
Microsoft Visual Studio Solution File, Format Version 12.00
# Visual Studio Version 17
VisualStudioVersion = 17.13.35913.81
MinimumVisualStudioVersion = 10.0.40219.1
Project("{FAE04EC0-301F-11D3-BF4B-00C04F79EFBC}") = "Obligatorio", "Obligatorio.csproj", "{A0C794DF-A9A5-418E-96D8-AAD0CBCF9216}"
EndProject
Project("{FAE04EC0-301F-11D3-BF4B-00C04F79EFBC}") = "Dominio", "..\Dominio\Dominio.csproj", "{6EF3569D-F78D-4EEE-B3D3-C33253154829}"
EndProject
Project("{FAE04EC0-301F-11D3-BF4B-00C04F79EFBC}") = "MVC", "..\MVC\MVC.csproj", "{4E5683B6-1B88-4CD4-A7DB-2F361E5A9FF7}"
EndProject
Global
	GlobalSection(SolutionConfigurationPlatforms) = preSolution
		Debug|Any CPU = Debug|Any CPU
		Release|Any CPU = Release|Any CPU
	EndGlobalSection
	GlobalSection(ProjectConfigurationPlatforms) = postSolution
		{A0C794DF-A9A5-418E-96D8-AAD0CBCF9216}.Debug|Any CPU.ActiveCfg = Debug|Any CPU
		{A0C794DF-A9A5-418E-96D8-AAD0CBCF9216}.Debug|Any CPU.Build.0 = Debug|Any CPU
		{A0C794DF-A9A5-418E-96D8-AAD0CBCF9216}.Release|Any CPU.ActiveCfg = Release|Any CPU
		{A0C794DF-A9A5-418E-96D8-AAD0CBCF9216}.Release|Any CPU.Build.0 = Release|Any CPU
		{6EF3569D-F78D-4EEE-B3D3-C33253154829}.Debug|Any CPU.ActiveCfg = Debug|Any CPU
		{6EF3569D-F78D-4EEE-B3D3-C33253154829}.Debug|Any CPU.Build.0 = Debug|Any CPU
		{6EF3569D-F78D-4EEE-B3D3-C33253154829}.Release|Any CPU.ActiveCfg = Release|Any CPU
		{6EF3569D-F78D-4EEE-B3D3-C33253154829}.Release|Any CPU.Build.0 = Release|Any CPU
		{4E5683B6-1B88-4CD4-A7DB-2F361E5A9FF7}.Debug|Any CPU.ActiveCfg = Debug|Any CPU
		{4E5683B6-1B88-4CD4-A7DB-2F361E5A9FF7}.Debug|Any CPU.Build.0 = Debug|Any CPU
		{4E5683B6-1B88-4CD4-A7DB-2F361E5A9FF7}.Release|Any CPU.ActiveCfg = Release|Any CPU
		{4E5683B6-1B88-4CD4-A7DB-2F361E5A9FF7}.Release|Any CPU.Build.0 = Release|Any CPU
	EndGlobalSection
	GlobalSection(SolutionProperties) = preSolution
		HideSolutionNode = FALSE
	EndGlobalSection
	GlobalSection(ExtensibilityGlobals) = postSolution
		SolutionGuid = {959B72C5-9B92-4DF9-B9F0-15B53A7D7174}
	EndGlobalSection
EndGlobal
